
Microsoft Visual Studio Solution File, Format Version 12.00
# Visual Studio Version 17
VisualStudioVersion = 17.10.35004.147
MinimumVisualStudioVersion = 10.0.40219.1
Project("{9A19103F-16F7-4668-BE54-9A1E7A4F7556}") = "PortalForm", "PortalForm\PortalForm.csproj", "{DE4F1A3D-40BF-42E9-A36B-C14F2B90CF9F}"
EndProject
Global
	GlobalSection(SolutionConfigurationPlatforms) = preSolution
		Debug|Any CPU = Debug|Any CPU
		Release|Any CPU = Release|Any CPU
	EndGlobalSection
	GlobalSection(ProjectConfigurationPlatforms) = postSolution
		{DE4F1A3D-40BF-42E9-A36B-C14F2B90CF9F}.Debug|Any CPU.ActiveCfg = Debug|Any CPU
		{DE4F1A3D-40BF-42E9-A36B-C14F2B90CF9F}.Debug|Any CPU.Build.0 = Debug|Any CPU
		{DE4F1A3D-40BF-42E9-A36B-C14F2B90CF9F}.Release|Any CPU.ActiveCfg = Release|Any CPU
		{DE4F1A3D-40BF-42E9-A36B-C14F2B90CF9F}.Release|Any CPU.Build.0 = Release|Any CPU
	EndGlobalSection
	GlobalSection(SolutionProperties) = preSolution
		HideSolutionNode = FALSE
	EndGlobalSection
	GlobalSection(ExtensibilityGlobals) = postSolution
		SolutionGuid = {7116AA56-2F4C-42AB-B13E-D568D4AD6667}
	EndGlobalSection
EndGlobal
